
Microsoft Visual Studio Solution File, Format Version 12.00
# Visual Studio Version 16
VisualStudioVersion = 16.0.28803.156
MinimumVisualStudioVersion = 10.0.40219.1
Project("{9A19103F-16F7-4668-BE54-9A1E7A4F7556}") = "AlgunasVainas.Infrastructure", "AlgunasVainas.Infrastructure\AlgunasVainas.Infrastructure.csproj", "{A8F699D8-C86A-44DC-BF10-49205BEE45DE}"
EndProject
Project("{9A19103F-16F7-4668-BE54-9A1E7A4F7556}") = "AlgunasVainas.Model", "AlgunasVainas.Model\AlgunasVainas.Model.csproj", "{FF60FAF7-36C5-4917-AB99-B708334298CA}"
EndProject
Project("{9A19103F-16F7-4668-BE54-9A1E7A4F7556}") = "AlgunasVainas.Test", "AlgunasVainas.Test\AlgunasVainas.Test.csproj", "{1C59E160-801B-4613-ADDE-4EBAA76E7A9C}"
EndProject
Project("{9A19103F-16F7-4668-BE54-9A1E7A4F7556}") = "AlgunasVainas.WebAPI", "AlgunasVainas.WebAPI\AlgunasVainas.WebAPI.csproj", "{5A2B7DB6-E70D-4C49-BD5E-9248360B58DA}"
EndProject
Project("{9A19103F-16F7-4668-BE54-9A1E7A4F7556}") = "AlgunasVainas.Website", "AlgunasVainas.Website\AlgunasVainas.Website.csproj", "{FB896C23-0B5F-4771-B308-8C90A94101B5}"
EndProject
Global
	GlobalSection(SolutionConfigurationPlatforms) = preSolution
		Debug|Any CPU = Debug|Any CPU
		Release|Any CPU = Release|Any CPU
	EndGlobalSection
	GlobalSection(ProjectConfigurationPlatforms) = postSolution
		{A8F699D8-C86A-44DC-BF10-49205BEE45DE}.Debug|Any CPU.ActiveCfg = Debug|Any CPU
		{A8F699D8-C86A-44DC-BF10-49205BEE45DE}.Debug|Any CPU.Build.0 = Debug|Any CPU
		{A8F699D8-C86A-44DC-BF10-49205BEE45DE}.Release|Any CPU.ActiveCfg = Release|Any CPU
		{A8F699D8-C86A-44DC-BF10-49205BEE45DE}.Release|Any CPU.Build.0 = Release|Any CPU
		{FF60FAF7-36C5-4917-AB99-B708334298CA}.Debug|Any CPU.ActiveCfg = Debug|Any CPU
		{FF60FAF7-36C5-4917-AB99-B708334298CA}.Debug|Any CPU.Build.0 = Debug|Any CPU
		{FF60FAF7-36C5-4917-AB99-B708334298CA}.Release|Any CPU.ActiveCfg = Release|Any CPU
		{FF60FAF7-36C5-4917-AB99-B708334298CA}.Release|Any CPU.Build.0 = Release|Any CPU
		{1C59E160-801B-4613-ADDE-4EBAA76E7A9C}.Debug|Any CPU.ActiveCfg = Debug|Any CPU
		{1C59E160-801B-4613-ADDE-4EBAA76E7A9C}.Debug|Any CPU.Build.0 = Debug|Any CPU
		{1C59E160-801B-4613-ADDE-4EBAA76E7A9C}.Release|Any CPU.ActiveCfg = Release|Any CPU
		{1C59E160-801B-4613-ADDE-4EBAA76E7A9C}.Release|Any CPU.Build.0 = Release|Any CPU
		{5A2B7DB6-E70D-4C49-BD5E-9248360B58DA}.Debug|Any CPU.ActiveCfg = Debug|Any CPU
		{5A2B7DB6-E70D-4C49-BD5E-9248360B58DA}.Debug|Any CPU.Build.0 = Debug|Any CPU
		{5A2B7DB6-E70D-4C49-BD5E-9248360B58DA}.Release|Any CPU.ActiveCfg = Release|Any CPU
		{5A2B7DB6-E70D-4C49-BD5E-9248360B58DA}.Release|Any CPU.Build.0 = Release|Any CPU
		{FB896C23-0B5F-4771-B308-8C90A94101B5}.Debug|Any CPU.ActiveCfg = Debug|Any CPU
		{FB896C23-0B5F-4771-B308-8C90A94101B5}.Debug|Any CPU.Build.0 = Debug|Any CPU
		{FB896C23-0B5F-4771-B308-8C90A94101B5}.Release|Any CPU.ActiveCfg = Release|Any CPU
		{FB896C23-0B5F-4771-B308-8C90A94101B5}.Release|Any CPU.Build.0 = Release|Any CPU
	EndGlobalSection
	GlobalSection(SolutionProperties) = preSolution
		HideSolutionNode = FALSE
	EndGlobalSection
	GlobalSection(ExtensibilityGlobals) = postSolution
		SolutionGuid = {7B98A94E-26E7-41F7-B1DD-8BDC58968F26}
	EndGlobalSection
EndGlobal
