
Microsoft Visual Studio Solution File, Format Version 12.00
# Visual Studio Version 16
VisualStudioVersion = 16.0.28803.156
MinimumVisualStudioVersion = 10.0.40219.1
Project("{9A19103F-16F7-4668-BE54-9A1E7A4F7556}") = "BBo.WebAPI", "BBo.WebAPI\BBo.WebAPI.csproj", "{63EDC2FE-1A15-4D94-842F-7EC0F58175C0}"
EndProject
Project("{9A19103F-16F7-4668-BE54-9A1E7A4F7556}") = "BBo.Website", "BBo.Website\BBo.Website.csproj", "{38C2FF07-E94A-4E8E-87A0-5E81283873F8}"
EndProject
Project("{9A19103F-16F7-4668-BE54-9A1E7A4F7556}") = "BBo.Model", "BBo.Model\BBo.Model.csproj", "{D2713BC1-2998-4B32-B98A-5592F34A00A8}"
EndProject
Project("{9A19103F-16F7-4668-BE54-9A1E7A4F7556}") = "BBo.Infrastructure", "BBo.Infrastructure\BBo.Infrastructure.csproj", "{48D8706D-6C05-43A8-9FE9-997B1FEB2762}"
EndProject
Project("{FAE04EC0-301F-11D3-BF4B-00C04F79EFBC}") = "BBo.Test", "BBo.Test\BBo.Test.csproj", "{3B420E56-9D98-4E98-B15E-7FA601920F2D}"
EndProject
Global
	GlobalSection(SolutionConfigurationPlatforms) = preSolution
		Debug|Any CPU = Debug|Any CPU
		Release|Any CPU = Release|Any CPU
	EndGlobalSection
	GlobalSection(ProjectConfigurationPlatforms) = postSolution
		{63EDC2FE-1A15-4D94-842F-7EC0F58175C0}.Debug|Any CPU.ActiveCfg = Debug|Any CPU
		{63EDC2FE-1A15-4D94-842F-7EC0F58175C0}.Debug|Any CPU.Build.0 = Debug|Any CPU
		{63EDC2FE-1A15-4D94-842F-7EC0F58175C0}.Release|Any CPU.ActiveCfg = Release|Any CPU
		{63EDC2FE-1A15-4D94-842F-7EC0F58175C0}.Release|Any CPU.Build.0 = Release|Any CPU
		{38C2FF07-E94A-4E8E-87A0-5E81283873F8}.Debug|Any CPU.ActiveCfg = Debug|Any CPU
		{38C2FF07-E94A-4E8E-87A0-5E81283873F8}.Debug|Any CPU.Build.0 = Debug|Any CPU
		{38C2FF07-E94A-4E8E-87A0-5E81283873F8}.Release|Any CPU.ActiveCfg = Release|Any CPU
		{38C2FF07-E94A-4E8E-87A0-5E81283873F8}.Release|Any CPU.Build.0 = Release|Any CPU
		{D2713BC1-2998-4B32-B98A-5592F34A00A8}.Debug|Any CPU.ActiveCfg = Debug|Any CPU
		{D2713BC1-2998-4B32-B98A-5592F34A00A8}.Debug|Any CPU.Build.0 = Debug|Any CPU
		{D2713BC1-2998-4B32-B98A-5592F34A00A8}.Release|Any CPU.ActiveCfg = Release|Any CPU
		{D2713BC1-2998-4B32-B98A-5592F34A00A8}.Release|Any CPU.Build.0 = Release|Any CPU
		{48D8706D-6C05-43A8-9FE9-997B1FEB2762}.Debug|Any CPU.ActiveCfg = Debug|Any CPU
		{48D8706D-6C05-43A8-9FE9-997B1FEB2762}.Debug|Any CPU.Build.0 = Debug|Any CPU
		{48D8706D-6C05-43A8-9FE9-997B1FEB2762}.Release|Any CPU.ActiveCfg = Release|Any CPU
		{48D8706D-6C05-43A8-9FE9-997B1FEB2762}.Release|Any CPU.Build.0 = Release|Any CPU
		{3B420E56-9D98-4E98-B15E-7FA601920F2D}.Debug|Any CPU.ActiveCfg = Debug|Any CPU
		{3B420E56-9D98-4E98-B15E-7FA601920F2D}.Debug|Any CPU.Build.0 = Debug|Any CPU
		{3B420E56-9D98-4E98-B15E-7FA601920F2D}.Release|Any CPU.ActiveCfg = Release|Any CPU
		{3B420E56-9D98-4E98-B15E-7FA601920F2D}.Release|Any CPU.Build.0 = Release|Any CPU
	EndGlobalSection
	GlobalSection(SolutionProperties) = preSolution
		HideSolutionNode = FALSE
	EndGlobalSection
	GlobalSection(ExtensibilityGlobals) = postSolution
		SolutionGuid = {7B98A94E-26E7-41F7-B1DD-8BDC58968F26}
	EndGlobalSection
EndGlobal
